// !$*UTF8*$!
{
	archiveVersion = 1;
	classes = {
	};
	objectVersion = 55;
	objects = {

/* Begin PBXBuildFile section */
		4C7A028527A787A100F815FA /* MapView.swift in Sources */ = {isa = PBXBuildFile; fileRef = 4C7A028427A787A100F815FA /* MapView.swift */; };
		4C7A028727A78A1500F815FA /* MapAnnotationView.swift in Sources */ = {isa = PBXBuildFile; fileRef = 4C7A028627A78A1500F815FA /* MapAnnotationView.swift */; };
		4C7A028927A78B4F00F815FA /* MapLocation.swift in Sources */ = {isa = PBXBuildFile; fileRef = 4C7A028827A78B4F00F815FA /* MapLocation.swift */; };
		4C7A028B27A8351700F815FA /* Veil.swift in Sources */ = {isa = PBXBuildFile; fileRef = 4C7A028A27A8351700F815FA /* Veil.swift */; };
		4C7A028D27A8386700F815FA /* UserLogin.swift in Sources */ = {isa = PBXBuildFile; fileRef = 4C7A028C27A8386700F815FA /* UserLogin.swift */; };
		4CCC221427A3339200D5232E /* Tests_iOS.swift in Sources */ = {isa = PBXBuildFile; fileRef = 4CCC221327A3339200D5232E /* Tests_iOS.swift */; };
		4CCC221627A3339200D5232E /* Tests_iOSLaunchTests.swift in Sources */ = {isa = PBXBuildFile; fileRef = 4CCC221527A3339200D5232E /* Tests_iOSLaunchTests.swift */; };
		4CCC222027A3339200D5232E /* Tests_macOS.swift in Sources */ = {isa = PBXBuildFile; fileRef = 4CCC221F27A3339200D5232E /* Tests_macOS.swift */; };
		4CCC222227A3339200D5232E /* Tests_macOSLaunchTests.swift in Sources */ = {isa = PBXBuildFile; fileRef = 4CCC222127A3339200D5232E /* Tests_macOSLaunchTests.swift */; };
		4CCC222327A3339200D5232E /* Smart_Client_Fit.xcdatamodeld in Sources */ = {isa = PBXBuildFile; fileRef = 4CCC21F827A3337F00D5232E /* Smart_Client_Fit.xcdatamodeld */; };
		4CCC222427A3339200D5232E /* Smart_Client_Fit.xcdatamodeld in Sources */ = {isa = PBXBuildFile; fileRef = 4CCC21F827A3337F00D5232E /* Smart_Client_Fit.xcdatamodeld */; };
		4CCC222527A3339200D5232E /* Smart_Client_FitApp.swift in Sources */ = {isa = PBXBuildFile; fileRef = 4CCC21FA27A3337F00D5232E /* Smart_Client_FitApp.swift */; };
		4CCC222627A3339200D5232E /* Smart_Client_FitApp.swift in Sources */ = {isa = PBXBuildFile; fileRef = 4CCC21FA27A3337F00D5232E /* Smart_Client_FitApp.swift */; };
		4CCC222727A3339200D5232E /* ContentView.swift in Sources */ = {isa = PBXBuildFile; fileRef = 4CCC21FB27A3337F00D5232E /* ContentView.swift */; };
		4CCC222827A3339200D5232E /* ContentView.swift in Sources */ = {isa = PBXBuildFile; fileRef = 4CCC21FB27A3337F00D5232E /* ContentView.swift */; };
		4CCC222927A3339200D5232E /* Persistence.swift in Sources */ = {isa = PBXBuildFile; fileRef = 4CCC21FC27A3337F00D5232E /* Persistence.swift */; };
		4CCC222A27A3339200D5232E /* Persistence.swift in Sources */ = {isa = PBXBuildFile; fileRef = 4CCC21FC27A3337F00D5232E /* Persistence.swift */; };
		4CCC222B27A3339200D5232E /* Assets.xcassets in Resources */ = {isa = PBXBuildFile; fileRef = 4CCC21FD27A3339100D5232E /* Assets.xcassets */; };
		4CCC222C27A3339200D5232E /* Assets.xcassets in Resources */ = {isa = PBXBuildFile; fileRef = 4CCC21FD27A3339100D5232E /* Assets.xcassets */; };
		4CCC224027A347CE00D5232E /* LoginView.swift in Sources */ = {isa = PBXBuildFile; fileRef = 4CCC223F27A347CE00D5232E /* LoginView.swift */; };
		4CCC224327A34A7500D5232E /* AboutAppLabelView.swift in Sources */ = {isa = PBXBuildFile; fileRef = 4CCC224227A34A7500D5232E /* AboutAppLabelView.swift */; };
		4CCC224527A34E8D00D5232E /* TextFieldRowView.swift in Sources */ = {isa = PBXBuildFile; fileRef = 4CCC224427A34E8D00D5232E /* TextFieldRowView.swift */; };
		4CCC224727A3548000D5232E /* UserRowView.swift in Sources */ = {isa = PBXBuildFile; fileRef = 4CCC224627A3548000D5232E /* UserRowView.swift */; };
		4CCC224927A3586000D5232E /* User.swift in Sources */ = {isa = PBXBuildFile; fileRef = 4CCC224827A3586000D5232E /* User.swift */; };
		4CCC224C27A358D400D5232E /* Webservice.swift in Sources */ = {isa = PBXBuildFile; fileRef = 4CCC224B27A358D400D5232E /* Webservice.swift */; };
		4CCC224E27A35A0800D5232E /* HeaderToken.swift in Sources */ = {isa = PBXBuildFile; fileRef = 4CCC224D27A35A0800D5232E /* HeaderToken.swift */; };
		4CCC225027A35B5C00D5232E /* Login.swift in Sources */ = {isa = PBXBuildFile; fileRef = 4CCC224F27A35B5C00D5232E /* Login.swift */; };
		4CCC225227A35D1700D5232E /* UserSession.swift in Sources */ = {isa = PBXBuildFile; fileRef = 4CCC225127A35D1700D5232E /* UserSession.swift */; };
		4CCC225527A365EF00D5232E /* LoginViewModel.swift in Sources */ = {isa = PBXBuildFile; fileRef = 4CCC225427A365EE00D5232E /* LoginViewModel.swift */; };
		4CCC225827A36E8900D5232E /* Application+Extension.swift in Sources */ = {isa = PBXBuildFile; fileRef = 4CCC225727A36E8900D5232E /* Application+Extension.swift */; };
		4CCC226427A37E6000D5232E /* BaseModel.swift in Sources */ = {isa = PBXBuildFile; fileRef = 4CCC226327A37E5F00D5232E /* BaseModel.swift */; };
		4CCC226627A37EA900D5232E /* CoreDataManager.swift in Sources */ = {isa = PBXBuildFile; fileRef = 4CCC226527A37EA900D5232E /* CoreDataManager.swift */; };
		4CCC226827A3AA4D00D5232E /* UserView.swift in Sources */ = {isa = PBXBuildFile; fileRef = 4CCC226727A3AA4D00D5232E /* UserView.swift */; };
		4CCC226A27A3AA8E00D5232E /* UserPayment.swift in Sources */ = {isa = PBXBuildFile; fileRef = 4CCC226927A3AA8E00D5232E /* UserPayment.swift */; };
		4CCC226C27A3AB7C00D5232E /* UserHistoryAccess.swift in Sources */ = {isa = PBXBuildFile; fileRef = 4CCC226B27A3AB7C00D5232E /* UserHistoryAccess.swift */; };
		4CCC226E27A3AE8900D5232E /* Locations.swift in Sources */ = {isa = PBXBuildFile; fileRef = 4CCC226D27A3AE8900D5232E /* Locations.swift */; };
		4CCC227027A3AF9700D5232E /* Date+Extensions.swift in Sources */ = {isa = PBXBuildFile; fileRef = 4CCC226F27A3AF9700D5232E /* Date+Extensions.swift */; };
		4CCC227227A3B1DF00D5232E /* UserInfoView.swift in Sources */ = {isa = PBXBuildFile; fileRef = 4CCC227127A3B1DF00D5232E /* UserInfoView.swift */; };
		4CCC227427A3CB6800D5232E /* UserViewModel.swift in Sources */ = {isa = PBXBuildFile; fileRef = 4CCC227327A3CB6800D5232E /* UserViewModel.swift */; };
		4CCC227627A3D42500D5232E /* UserHistoryAccessView.swift in Sources */ = {isa = PBXBuildFile; fileRef = 4CCC227527A3D42500D5232E /* UserHistoryAccessView.swift */; };
		4CCC227827A3D5B700D5232E /* UserPaymentsView.swift in Sources */ = {isa = PBXBuildFile; fileRef = 4CCC227727A3D5B700D5232E /* UserPaymentsView.swift */; };
		4CCC227A27A436C700D5232E /* DataManager.swift in Sources */ = {isa = PBXBuildFile; fileRef = 4CCC227927A436C700D5232E /* DataManager.swift */; };
		4CCC227C27A441DC00D5232E /* CardView.swift in Sources */ = {isa = PBXBuildFile; fileRef = 4CCC227B27A441DC00D5232E /* CardView.swift */; };
		4CCC227E27A4423200D5232E /* Card.swift in Sources */ = {isa = PBXBuildFile; fileRef = 4CCC227D27A4423200D5232E /* Card.swift */; };
/* End PBXBuildFile section */

/* Begin PBXContainerItemProxy section */
		4CCC221027A3339200D5232E /* PBXContainerItemProxy */ = {
			isa = PBXContainerItemProxy;
			containerPortal = 4CCC21F327A3337F00D5232E /* Project object */;
			proxyType = 1;
			remoteGlobalIDString = 4CCC220127A3339100D5232E;
			remoteInfo = "Smart Client Fit (iOS)";
		};
		4CCC221C27A3339200D5232E /* PBXContainerItemProxy */ = {
			isa = PBXContainerItemProxy;
			containerPortal = 4CCC21F327A3337F00D5232E /* Project object */;
			proxyType = 1;
			remoteGlobalIDString = 4CCC220727A3339100D5232E;
			remoteInfo = "Smart Client Fit (macOS)";
		};
/* End PBXContainerItemProxy section */

/* Begin PBXFileReference section */
		4C7A028427A787A100F815FA /* MapView.swift */ = {isa = PBXFileReference; lastKnownFileType = sourcecode.swift; path = MapView.swift; sourceTree = "<group>"; };
		4C7A028627A78A1500F815FA /* MapAnnotationView.swift */ = {isa = PBXFileReference; lastKnownFileType = sourcecode.swift; path = MapAnnotationView.swift; sourceTree = "<group>"; };
		4C7A028827A78B4F00F815FA /* MapLocation.swift */ = {isa = PBXFileReference; lastKnownFileType = sourcecode.swift; path = MapLocation.swift; sourceTree = "<group>"; };
		4C7A028A27A8351700F815FA /* Veil.swift */ = {isa = PBXFileReference; lastKnownFileType = sourcecode.swift; path = Veil.swift; sourceTree = "<group>"; };
		4C7A028C27A8386700F815FA /* UserLogin.swift */ = {isa = PBXFileReference; lastKnownFileType = sourcecode.swift; path = UserLogin.swift; sourceTree = "<group>"; };
		4CCC21F927A3337F00D5232E /* Shared.xcdatamodel */ = {isa = PBXFileReference; lastKnownFileType = wrapper.xcdatamodel; path = Shared.xcdatamodel; sourceTree = "<group>"; };
		4CCC21FA27A3337F00D5232E /* Smart_Client_FitApp.swift */ = {isa = PBXFileReference; lastKnownFileType = sourcecode.swift; path = Smart_Client_FitApp.swift; sourceTree = "<group>"; };
		4CCC21FB27A3337F00D5232E /* ContentView.swift */ = {isa = PBXFileReference; lastKnownFileType = sourcecode.swift; path = ContentView.swift; sourceTree = "<group>"; };
		4CCC21FC27A3337F00D5232E /* Persistence.swift */ = {isa = PBXFileReference; lastKnownFileType = sourcecode.swift; path = Persistence.swift; sourceTree = "<group>"; };
		4CCC21FD27A3339100D5232E /* Assets.xcassets */ = {isa = PBXFileReference; lastKnownFileType = folder.assetcatalog; path = Assets.xcassets; sourceTree = "<group>"; };
		4CCC220227A3339100D5232E /* Smart Client Fit.app */ = {isa = PBXFileReference; explicitFileType = wrapper.application; includeInIndex = 0; path = "Smart Client Fit.app"; sourceTree = BUILT_PRODUCTS_DIR; };
		4CCC220827A3339100D5232E /* Smart Client Fit.app */ = {isa = PBXFileReference; explicitFileType = wrapper.application; includeInIndex = 0; path = "Smart Client Fit.app"; sourceTree = BUILT_PRODUCTS_DIR; };
		4CCC220A27A3339100D5232E /* macOS.entitlements */ = {isa = PBXFileReference; lastKnownFileType = text.plist.entitlements; path = macOS.entitlements; sourceTree = "<group>"; };
		4CCC220F27A3339200D5232E /* Tests iOS.xctest */ = {isa = PBXFileReference; explicitFileType = wrapper.cfbundle; includeInIndex = 0; path = "Tests iOS.xctest"; sourceTree = BUILT_PRODUCTS_DIR; };
		4CCC221327A3339200D5232E /* Tests_iOS.swift */ = {isa = PBXFileReference; lastKnownFileType = sourcecode.swift; path = Tests_iOS.swift; sourceTree = "<group>"; };
		4CCC221527A3339200D5232E /* Tests_iOSLaunchTests.swift */ = {isa = PBXFileReference; lastKnownFileType = sourcecode.swift; path = Tests_iOSLaunchTests.swift; sourceTree = "<group>"; };
		4CCC221B27A3339200D5232E /* Tests macOS.xctest */ = {isa = PBXFileReference; explicitFileType = wrapper.cfbundle; includeInIndex = 0; path = "Tests macOS.xctest"; sourceTree = BUILT_PRODUCTS_DIR; };
		4CCC221F27A3339200D5232E /* Tests_macOS.swift */ = {isa = PBXFileReference; lastKnownFileType = sourcecode.swift; path = Tests_macOS.swift; sourceTree = "<group>"; };
		4CCC222127A3339200D5232E /* Tests_macOSLaunchTests.swift */ = {isa = PBXFileReference; lastKnownFileType = sourcecode.swift; path = Tests_macOSLaunchTests.swift; sourceTree = "<group>"; };
		4CCC223F27A347CE00D5232E /* LoginView.swift */ = {isa = PBXFileReference; lastKnownFileType = sourcecode.swift; path = LoginView.swift; sourceTree = "<group>"; };
		4CCC224227A34A7500D5232E /* AboutAppLabelView.swift */ = {isa = PBXFileReference; lastKnownFileType = sourcecode.swift; path = AboutAppLabelView.swift; sourceTree = "<group>"; };
		4CCC224427A34E8D00D5232E /* TextFieldRowView.swift */ = {isa = PBXFileReference; lastKnownFileType = sourcecode.swift; path = TextFieldRowView.swift; sourceTree = "<group>"; };
		4CCC224627A3548000D5232E /* UserRowView.swift */ = {isa = PBXFileReference; lastKnownFileType = sourcecode.swift; path = UserRowView.swift; sourceTree = "<group>"; };
		4CCC224827A3586000D5232E /* User.swift */ = {isa = PBXFileReference; lastKnownFileType = sourcecode.swift; path = User.swift; sourceTree = "<group>"; };
		4CCC224B27A358D400D5232E /* Webservice.swift */ = {isa = PBXFileReference; lastKnownFileType = sourcecode.swift; path = Webservice.swift; sourceTree = "<group>"; };
		4CCC224D27A35A0800D5232E /* HeaderToken.swift */ = {isa = PBXFileReference; lastKnownFileType = sourcecode.swift; path = HeaderToken.swift; sourceTree = "<group>"; };
		4CCC224F27A35B5C00D5232E /* Login.swift */ = {isa = PBXFileReference; lastKnownFileType = sourcecode.swift; path = Login.swift; sourceTree = "<group>"; };
		4CCC225127A35D1700D5232E /* UserSession.swift */ = {isa = PBXFileReference; lastKnownFileType = sourcecode.swift; path = UserSession.swift; sourceTree = "<group>"; };
		4CCC225427A365EE00D5232E /* LoginViewModel.swift */ = {isa = PBXFileReference; lastKnownFileType = sourcecode.swift; path = LoginViewModel.swift; sourceTree = "<group>"; };
		4CCC225727A36E8900D5232E /* Application+Extension.swift */ = {isa = PBXFileReference; lastKnownFileType = sourcecode.swift; path = "Application+Extension.swift"; sourceTree = "<group>"; };
		4CCC226327A37E5F00D5232E /* BaseModel.swift */ = {isa = PBXFileReference; lastKnownFileType = sourcecode.swift; path = BaseModel.swift; sourceTree = "<group>"; };
		4CCC226527A37EA900D5232E /* CoreDataManager.swift */ = {isa = PBXFileReference; lastKnownFileType = sourcecode.swift; path = CoreDataManager.swift; sourceTree = "<group>"; };
		4CCC226727A3AA4D00D5232E /* UserView.swift */ = {isa = PBXFileReference; lastKnownFileType = sourcecode.swift; path = UserView.swift; sourceTree = "<group>"; };
		4CCC226927A3AA8E00D5232E /* UserPayment.swift */ = {isa = PBXFileReference; lastKnownFileType = sourcecode.swift; path = UserPayment.swift; sourceTree = "<group>"; };
		4CCC226B27A3AB7C00D5232E /* UserHistoryAccess.swift */ = {isa = PBXFileReference; lastKnownFileType = sourcecode.swift; path = UserHistoryAccess.swift; sourceTree = "<group>"; };
		4CCC226D27A3AE8900D5232E /* Locations.swift */ = {isa = PBXFileReference; lastKnownFileType = sourcecode.swift; path = Locations.swift; sourceTree = "<group>"; };
		4CCC226F27A3AF9700D5232E /* Date+Extensions.swift */ = {isa = PBXFileReference; lastKnownFileType = sourcecode.swift; path = "Date+Extensions.swift"; sourceTree = "<group>"; };
		4CCC227127A3B1DF00D5232E /* UserInfoView.swift */ = {isa = PBXFileReference; lastKnownFileType = sourcecode.swift; path = UserInfoView.swift; sourceTree = "<group>"; };
		4CCC227327A3CB6800D5232E /* UserViewModel.swift */ = {isa = PBXFileReference; lastKnownFileType = sourcecode.swift; path = UserViewModel.swift; sourceTree = "<group>"; };
		4CCC227527A3D42500D5232E /* UserHistoryAccessView.swift */ = {isa = PBXFileReference; lastKnownFileType = sourcecode.swift; path = UserHistoryAccessView.swift; sourceTree = "<group>"; };
		4CCC227727A3D5B700D5232E /* UserPaymentsView.swift */ = {isa = PBXFileReference; lastKnownFileType = sourcecode.swift; path = UserPaymentsView.swift; sourceTree = "<group>"; };
		4CCC227927A436C700D5232E /* DataManager.swift */ = {isa = PBXFileReference; lastKnownFileType = sourcecode.swift; path = DataManager.swift; sourceTree = "<group>"; };
		4CCC227B27A441DC00D5232E /* CardView.swift */ = {isa = PBXFileReference; lastKnownFileType = sourcecode.swift; path = CardView.swift; sourceTree = "<group>"; };
		4CCC227D27A4423200D5232E /* Card.swift */ = {isa = PBXFileReference; lastKnownFileType = sourcecode.swift; path = Card.swift; sourceTree = "<group>"; };
/* End PBXFileReference section */

/* Begin PBXFrameworksBuildPhase section */
		4CCC21FF27A3339100D5232E /* Frameworks */ = {
			isa = PBXFrameworksBuildPhase;
			buildActionMask = 2147483647;
			files = (
			);
			runOnlyForDeploymentPostprocessing = 0;
		};
		4CCC220527A3339100D5232E /* Frameworks */ = {
			isa = PBXFrameworksBuildPhase;
			buildActionMask = 2147483647;
			files = (
			);
			runOnlyForDeploymentPostprocessing = 0;
		};
		4CCC220C27A3339200D5232E /* Frameworks */ = {
			isa = PBXFrameworksBuildPhase;
			buildActionMask = 2147483647;
			files = (
			);
			runOnlyForDeploymentPostprocessing = 0;
		};
		4CCC221827A3339200D5232E /* Frameworks */ = {
			isa = PBXFrameworksBuildPhase;
			buildActionMask = 2147483647;
			files = (
			);
			runOnlyForDeploymentPostprocessing = 0;
		};
/* End PBXFrameworksBuildPhase section */

/* Begin PBXGroup section */
		4CCC21F227A3337F00D5232E = {
			isa = PBXGroup;
			children = (
				4CCC21F727A3337F00D5232E /* Shared */,
				4CCC220927A3339100D5232E /* macOS */,
				4CCC221227A3339200D5232E /* Tests iOS */,
				4CCC221E27A3339200D5232E /* Tests macOS */,
				4CCC220327A3339100D5232E /* Products */,
			);
			sourceTree = "<group>";
		};
		4CCC21F727A3337F00D5232E /* Shared */ = {
			isa = PBXGroup;
			children = (
				4CCC225627A36E7300D5232E /* Extension */,
				4CCC225327A365DA00D5232E /* ViewModel */,
				4CCC224A27A358BC00D5232E /* Service */,
				4CCC223E27A343F500D5232E /* Model */,
				4CCC223D27A343ED00D5232E /* Data */,
				4CCC223C27A343E600D5232E /* View */,
				4CCC223B27A343DE00D5232E /* App */,
				4CCC21FC27A3337F00D5232E /* Persistence.swift */,
				4CCC21FD27A3339100D5232E /* Assets.xcassets */,
				4CCC21F827A3337F00D5232E /* Smart_Client_Fit.xcdatamodeld */,
			);
			path = Shared;
			sourceTree = "<group>";
		};
		4CCC220327A3339100D5232E /* Products */ = {
			isa = PBXGroup;
			children = (
				4CCC220227A3339100D5232E /* Smart Client Fit.app */,
				4CCC220827A3339100D5232E /* Smart Client Fit.app */,
				4CCC220F27A3339200D5232E /* Tests iOS.xctest */,
				4CCC221B27A3339200D5232E /* Tests macOS.xctest */,
			);
			name = Products;
			sourceTree = "<group>";
		};
		4CCC220927A3339100D5232E /* macOS */ = {
			isa = PBXGroup;
			children = (
				4CCC220A27A3339100D5232E /* macOS.entitlements */,
			);
			path = macOS;
			sourceTree = "<group>";
		};
		4CCC221227A3339200D5232E /* Tests iOS */ = {
			isa = PBXGroup;
			children = (
				4CCC221327A3339200D5232E /* Tests_iOS.swift */,
				4CCC221527A3339200D5232E /* Tests_iOSLaunchTests.swift */,
			);
			path = "Tests iOS";
			sourceTree = "<group>";
		};
		4CCC221E27A3339200D5232E /* Tests macOS */ = {
			isa = PBXGroup;
			children = (
				4CCC221F27A3339200D5232E /* Tests_macOS.swift */,
				4CCC222127A3339200D5232E /* Tests_macOSLaunchTests.swift */,
			);
			path = "Tests macOS";
			sourceTree = "<group>";
		};
		4CCC223B27A343DE00D5232E /* App */ = {
			isa = PBXGroup;
			children = (
				4CCC223F27A347CE00D5232E /* LoginView.swift */,
				4CCC21FA27A3337F00D5232E /* Smart_Client_FitApp.swift */,
				4CCC21FB27A3337F00D5232E /* ContentView.swift */,
				4CCC226727A3AA4D00D5232E /* UserView.swift */,
			);
			path = App;
			sourceTree = "<group>";
		};
		4CCC223C27A343E600D5232E /* View */ = {
			isa = PBXGroup;
			children = (
				4CCC224227A34A7500D5232E /* AboutAppLabelView.swift */,
				4CCC224427A34E8D00D5232E /* TextFieldRowView.swift */,
				4CCC224627A3548000D5232E /* UserRowView.swift */,
				4CCC227127A3B1DF00D5232E /* UserInfoView.swift */,
				4CCC227527A3D42500D5232E /* UserHistoryAccessView.swift */,
				4CCC227727A3D5B700D5232E /* UserPaymentsView.swift */,
				4CCC227B27A441DC00D5232E /* CardView.swift */,
				4C7A028427A787A100F815FA /* MapView.swift */,
				4C7A028627A78A1500F815FA /* MapAnnotationView.swift */,
			);
			path = View;
			sourceTree = "<group>";
		};
		4CCC223D27A343ED00D5232E /* Data */ = {
			isa = PBXGroup;
			children = (
				4CCC226327A37E5F00D5232E /* BaseModel.swift */,
				4CCC226527A37EA900D5232E /* CoreDataManager.swift */,
				4CCC227927A436C700D5232E /* DataManager.swift */,
			);
			path = Data;
			sourceTree = "<group>";
		};
		4CCC223E27A343F500D5232E /* Model */ = {
			isa = PBXGroup;
			children = (
				4CCC224827A3586000D5232E /* User.swift */,
				4CCC224D27A35A0800D5232E /* HeaderToken.swift */,
				4CCC224F27A35B5C00D5232E /* Login.swift */,
				4CCC225127A35D1700D5232E /* UserSession.swift */,
				4CCC226927A3AA8E00D5232E /* UserPayment.swift */,
				4CCC226B27A3AB7C00D5232E /* UserHistoryAccess.swift */,
				4CCC226D27A3AE8900D5232E /* Locations.swift */,
				4CCC227D27A4423200D5232E /* Card.swift */,
				4C7A028827A78B4F00F815FA /* MapLocation.swift */,
				4C7A028C27A8386700F815FA /* UserLogin.swift */,
			);
			path = Model;
			sourceTree = "<group>";
		};
		4CCC224A27A358BC00D5232E /* Service */ = {
			isa = PBXGroup;
			children = (
				4CCC224B27A358D400D5232E /* Webservice.swift */,
			);
			path = Service;
			sourceTree = "<group>";
		};
		4CCC225327A365DA00D5232E /* ViewModel */ = {
			isa = PBXGroup;
			children = (
				4CCC225427A365EE00D5232E /* LoginViewModel.swift */,
				4CCC227327A3CB6800D5232E /* UserViewModel.swift */,
			);
			path = ViewModel;
			sourceTree = "<group>";
		};
		4CCC225627A36E7300D5232E /* Extension */ = {
			isa = PBXGroup;
			children = (
				4CCC225727A36E8900D5232E /* Application+Extension.swift */,
				4CCC226F27A3AF9700D5232E /* Date+Extensions.swift */,
				4C7A028A27A8351700F815FA /* Veil.swift */,
			);
			path = Extension;
			sourceTree = "<group>";
		};
/* End PBXGroup section */

/* Begin PBXNativeTarget section */
		4CCC220127A3339100D5232E /* Smart Client Fit (iOS) */ = {
			isa = PBXNativeTarget;
			buildConfigurationList = 4CCC222F27A3339200D5232E /* Build configuration list for PBXNativeTarget "Smart Client Fit (iOS)" */;
			buildPhases = (
				4CCC21FE27A3339100D5232E /* Sources */,
				4CCC21FF27A3339100D5232E /* Frameworks */,
				4CCC220027A3339100D5232E /* Resources */,
			);
			buildRules = (
			);
			dependencies = (
			);
			name = "Smart Client Fit (iOS)";
			productName = "Smart Client Fit (iOS)";
			productReference = 4CCC220227A3339100D5232E /* Smart Client Fit.app */;
			productType = "com.apple.product-type.application";
		};
		4CCC220727A3339100D5232E /* Smart Client Fit (macOS) */ = {
			isa = PBXNativeTarget;
			buildConfigurationList = 4CCC223227A3339200D5232E /* Build configuration list for PBXNativeTarget "Smart Client Fit (macOS)" */;
			buildPhases = (
				4CCC220427A3339100D5232E /* Sources */,
				4CCC220527A3339100D5232E /* Frameworks */,
				4CCC220627A3339100D5232E /* Resources */,
			);
			buildRules = (
			);
			dependencies = (
			);
			name = "Smart Client Fit (macOS)";
			productName = "Smart Client Fit (macOS)";
			productReference = 4CCC220827A3339100D5232E /* Smart Client Fit.app */;
			productType = "com.apple.product-type.application";
		};
		4CCC220E27A3339200D5232E /* Tests iOS */ = {
			isa = PBXNativeTarget;
			buildConfigurationList = 4CCC223527A3339200D5232E /* Build configuration list for PBXNativeTarget "Tests iOS" */;
			buildPhases = (
				4CCC220B27A3339200D5232E /* Sources */,
				4CCC220C27A3339200D5232E /* Frameworks */,
				4CCC220D27A3339200D5232E /* Resources */,
			);
			buildRules = (
			);
			dependencies = (
				4CCC221127A3339200D5232E /* PBXTargetDependency */,
			);
			name = "Tests iOS";
			productName = "Tests iOS";
			productReference = 4CCC220F27A3339200D5232E /* Tests iOS.xctest */;
			productType = "com.apple.product-type.bundle.ui-testing";
		};
		4CCC221A27A3339200D5232E /* Tests macOS */ = {
			isa = PBXNativeTarget;
			buildConfigurationList = 4CCC223827A3339200D5232E /* Build configuration list for PBXNativeTarget "Tests macOS" */;
			buildPhases = (
				4CCC221727A3339200D5232E /* Sources */,
				4CCC221827A3339200D5232E /* Frameworks */,
				4CCC221927A3339200D5232E /* Resources */,
			);
			buildRules = (
			);
			dependencies = (
				4CCC221D27A3339200D5232E /* PBXTargetDependency */,
			);
			name = "Tests macOS";
			productName = "Tests macOS";
			productReference = 4CCC221B27A3339200D5232E /* Tests macOS.xctest */;
			productType = "com.apple.product-type.bundle.ui-testing";
		};
/* End PBXNativeTarget section */

/* Begin PBXProject section */
		4CCC21F327A3337F00D5232E /* Project object */ = {
			isa = PBXProject;
			attributes = {
				BuildIndependentTargetsInParallel = 1;
				LastSwiftUpdateCheck = 1320;
				LastUpgradeCheck = 1320;
				TargetAttributes = {
					4CCC220127A3339100D5232E = {
						CreatedOnToolsVersion = 13.2.1;
					};
					4CCC220727A3339100D5232E = {
						CreatedOnToolsVersion = 13.2.1;
					};
					4CCC220E27A3339200D5232E = {
						CreatedOnToolsVersion = 13.2.1;
						TestTargetID = 4CCC220127A3339100D5232E;
					};
					4CCC221A27A3339200D5232E = {
						CreatedOnToolsVersion = 13.2.1;
						TestTargetID = 4CCC220727A3339100D5232E;
					};
				};
			};
			buildConfigurationList = 4CCC21F627A3337F00D5232E /* Build configuration list for PBXProject "Smart Client Fit" */;
			compatibilityVersion = "Xcode 13.0";
			developmentRegion = en;
			hasScannedForEncodings = 0;
			knownRegions = (
				en,
				Base,
			);
			mainGroup = 4CCC21F227A3337F00D5232E;
			productRefGroup = 4CCC220327A3339100D5232E /* Products */;
			projectDirPath = "";
			projectRoot = "";
			targets = (
				4CCC220127A3339100D5232E /* Smart Client Fit (iOS) */,
				4CCC220727A3339100D5232E /* Smart Client Fit (macOS) */,
				4CCC220E27A3339200D5232E /* Tests iOS */,
				4CCC221A27A3339200D5232E /* Tests macOS */,
			);
		};
/* End PBXProject section */

/* Begin PBXResourcesBuildPhase section */
		4CCC220027A3339100D5232E /* Resources */ = {
			isa = PBXResourcesBuildPhase;
			buildActionMask = 2147483647;
			files = (
				4CCC222B27A3339200D5232E /* Assets.xcassets in Resources */,
			);
			runOnlyForDeploymentPostprocessing = 0;
		};
		4CCC220627A3339100D5232E /* Resources */ = {
			isa = PBXResourcesBuildPhase;
			buildActionMask = 2147483647;
			files = (
				4CCC222C27A3339200D5232E /* Assets.xcassets in Resources */,
			);
			runOnlyForDeploymentPostprocessing = 0;
		};
		4CCC220D27A3339200D5232E /* Resources */ = {
			isa = PBXResourcesBuildPhase;
			buildActionMask = 2147483647;
			files = (
			);
			runOnlyForDeploymentPostprocessing = 0;
		};
		4CCC221927A3339200D5232E /* Resources */ = {
			isa = PBXResourcesBuildPhase;
			buildActionMask = 2147483647;
			files = (
			);
			runOnlyForDeploymentPostprocessing = 0;
		};
/* End PBXResourcesBuildPhase section */

/* Begin PBXSourcesBuildPhase section */
		4CCC21FE27A3339100D5232E /* Sources */ = {
			isa = PBXSourcesBuildPhase;
			buildActionMask = 2147483647;
			files = (
				4CCC227227A3B1DF00D5232E /* UserInfoView.swift in Sources */,
				4CCC227427A3CB6800D5232E /* UserViewModel.swift in Sources */,
				4CCC224E27A35A0800D5232E /* HeaderToken.swift in Sources */,
				4C7A028927A78B4F00F815FA /* MapLocation.swift in Sources */,
				4CCC227027A3AF9700D5232E /* Date+Extensions.swift in Sources */,
				4CCC224527A34E8D00D5232E /* TextFieldRowView.swift in Sources */,
				4CCC222527A3339200D5232E /* Smart_Client_FitApp.swift in Sources */,
				4CCC226E27A3AE8900D5232E /* Locations.swift in Sources */,
				4C7A028527A787A100F815FA /* MapView.swift in Sources */,
				4CCC225027A35B5C00D5232E /* Login.swift in Sources */,
				4CCC226627A37EA900D5232E /* CoreDataManager.swift in Sources */,
				4CCC222927A3339200D5232E /* Persistence.swift in Sources */,
				4CCC222327A3339200D5232E /* Smart_Client_Fit.xcdatamodeld in Sources */,
				4CCC227627A3D42500D5232E /* UserHistoryAccessView.swift in Sources */,
				4C7A028D27A8386700F815FA /* UserLogin.swift in Sources */,
				4CCC226827A3AA4D00D5232E /* UserView.swift in Sources */,
				4CCC226427A37E6000D5232E /* BaseModel.swift in Sources */,
				4CCC227C27A441DC00D5232E /* CardView.swift in Sources */,
				4CCC226C27A3AB7C00D5232E /* UserHistoryAccess.swift in Sources */,
				4CCC225527A365EF00D5232E /* LoginViewModel.swift in Sources */,
				4CCC224027A347CE00D5232E /* LoginView.swift in Sources */,
				4C7A028727A78A1500F815FA /* MapAnnotationView.swift in Sources */,
				4CCC224927A3586000D5232E /* User.swift in Sources */,
				4C7A028B27A8351700F815FA /* Veil.swift in Sources */,
				4CCC227827A3D5B700D5232E /* UserPaymentsView.swift in Sources */,
				4CCC225827A36E8900D5232E /* Application+Extension.swift in Sources */,
				4CCC222727A3339200D5232E /* ContentView.swift in Sources */,
				4CCC224727A3548000D5232E /* UserRowView.swift in Sources */,
				4CCC227E27A4423200D5232E /* Card.swift in Sources */,
				4CCC224C27A358D400D5232E /* Webservice.swift in Sources */,
				4CCC226A27A3AA8E00D5232E /* UserPayment.swift in Sources */,
				4CCC225227A35D1700D5232E /* UserSession.swift in Sources */,
				4CCC227A27A436C700D5232E /* DataManager.swift in Sources */,
				4CCC224327A34A7500D5232E /* AboutAppLabelView.swift in Sources */,
			);
			runOnlyForDeploymentPostprocessing = 0;
		};
		4CCC220427A3339100D5232E /* Sources */ = {
			isa = PBXSourcesBuildPhase;
			buildActionMask = 2147483647;
			files = (
				4CCC222627A3339200D5232E /* Smart_Client_FitApp.swift in Sources */,
				4CCC222A27A3339200D5232E /* Persistence.swift in Sources */,
				4CCC222427A3339200D5232E /* Smart_Client_Fit.xcdatamodeld in Sources */,
				4CCC222827A3339200D5232E /* ContentView.swift in Sources */,
			);
			runOnlyForDeploymentPostprocessing = 0;
		};
		4CCC220B27A3339200D5232E /* Sources */ = {
			isa = PBXSourcesBuildPhase;
			buildActionMask = 2147483647;
			files = (
				4CCC221627A3339200D5232E /* Tests_iOSLaunchTests.swift in Sources */,
				4CCC221427A3339200D5232E /* Tests_iOS.swift in Sources */,
			);
			runOnlyForDeploymentPostprocessing = 0;
		};
		4CCC221727A3339200D5232E /* Sources */ = {
			isa = PBXSourcesBuildPhase;
			buildActionMask = 2147483647;
			files = (
				4CCC222227A3339200D5232E /* Tests_macOSLaunchTests.swift in Sources */,
				4CCC222027A3339200D5232E /* Tests_macOS.swift in Sources */,
			);
			runOnlyForDeploymentPostprocessing = 0;
		};
/* End PBXSourcesBuildPhase section */

/* Begin PBXTargetDependency section */
		4CCC221127A3339200D5232E /* PBXTargetDependency */ = {
			isa = PBXTargetDependency;
			target = 4CCC220127A3339100D5232E /* Smart Client Fit (iOS) */;
			targetProxy = 4CCC221027A3339200D5232E /* PBXContainerItemProxy */;
		};
		4CCC221D27A3339200D5232E /* PBXTargetDependency */ = {
			isa = PBXTargetDependency;
			target = 4CCC220727A3339100D5232E /* Smart Client Fit (macOS) */;
			targetProxy = 4CCC221C27A3339200D5232E /* PBXContainerItemProxy */;
		};
/* End PBXTargetDependency section */

/* Begin XCBuildConfiguration section */
		4CCC222D27A3339200D5232E /* Debug */ = {
			isa = XCBuildConfiguration;
			buildSettings = {
				ALWAYS_SEARCH_USER_PATHS = NO;
				CLANG_ANALYZER_NONNULL = YES;
				CLANG_ANALYZER_NUMBER_OBJECT_CONVERSION = YES_AGGRESSIVE;
				CLANG_CXX_LANGUAGE_STANDARD = "gnu++17";
				CLANG_CXX_LIBRARY = "libc++";
				CLANG_ENABLE_MODULES = YES;
				CLANG_ENABLE_OBJC_ARC = YES;
				CLANG_ENABLE_OBJC_WEAK = YES;
				CLANG_WARN_BLOCK_CAPTURE_AUTORELEASING = YES;
				CLANG_WARN_BOOL_CONVERSION = YES;
				CLANG_WARN_COMMA = YES;
				CLANG_WARN_CONSTANT_CONVERSION = YES;
				CLANG_WARN_DEPRECATED_OBJC_IMPLEMENTATIONS = YES;
				CLANG_WARN_DIRECT_OBJC_ISA_USAGE = YES_ERROR;
				CLANG_WARN_DOCUMENTATION_COMMENTS = YES;
				CLANG_WARN_EMPTY_BODY = YES;
				CLANG_WARN_ENUM_CONVERSION = YES;
				CLANG_WARN_INFINITE_RECURSION = YES;
				CLANG_WARN_INT_CONVERSION = YES;
				CLANG_WARN_NON_LITERAL_NULL_CONVERSION = YES;
				CLANG_WARN_OBJC_IMPLICIT_RETAIN_SELF = YES;
				CLANG_WARN_OBJC_LITERAL_CONVERSION = YES;
				CLANG_WARN_OBJC_ROOT_CLASS = YES_ERROR;
				CLANG_WARN_QUOTED_INCLUDE_IN_FRAMEWORK_HEADER = YES;
				CLANG_WARN_RANGE_LOOP_ANALYSIS = YES;
				CLANG_WARN_STRICT_PROTOTYPES = YES;
				CLANG_WARN_SUSPICIOUS_MOVE = YES;
				CLANG_WARN_UNGUARDED_AVAILABILITY = YES_AGGRESSIVE;
				CLANG_WARN_UNREACHABLE_CODE = YES;
				CLANG_WARN__DUPLICATE_METHOD_MATCH = YES;
				COPY_PHASE_STRIP = NO;
				DEBUG_INFORMATION_FORMAT = dwarf;
				ENABLE_STRICT_OBJC_MSGSEND = YES;
				ENABLE_TESTABILITY = YES;
				GCC_C_LANGUAGE_STANDARD = gnu11;
				GCC_DYNAMIC_NO_PIC = NO;
				GCC_NO_COMMON_BLOCKS = YES;
				GCC_OPTIMIZATION_LEVEL = 0;
				GCC_PREPROCESSOR_DEFINITIONS = (
					"DEBUG=1",
					"$(inherited)",
				);
				GCC_WARN_64_TO_32_BIT_CONVERSION = YES;
				GCC_WARN_ABOUT_RETURN_TYPE = YES_ERROR;
				GCC_WARN_UNDECLARED_SELECTOR = YES;
				GCC_WARN_UNINITIALIZED_AUTOS = YES_AGGRESSIVE;
				GCC_WARN_UNUSED_FUNCTION = YES;
				GCC_WARN_UNUSED_VARIABLE = YES;
				MTL_ENABLE_DEBUG_INFO = INCLUDE_SOURCE;
				MTL_FAST_MATH = YES;
				ONLY_ACTIVE_ARCH = YES;
				SWIFT_ACTIVE_COMPILATION_CONDITIONS = DEBUG;
				SWIFT_OPTIMIZATION_LEVEL = "-Onone";
			};
			name = Debug;
		};
		4CCC222E27A3339200D5232E /* Release */ = {
			isa = XCBuildConfiguration;
			buildSettings = {
				ALWAYS_SEARCH_USER_PATHS = NO;
				CLANG_ANALYZER_NONNULL = YES;
				CLANG_ANALYZER_NUMBER_OBJECT_CONVERSION = YES_AGGRESSIVE;
				CLANG_CXX_LANGUAGE_STANDARD = "gnu++17";
				CLANG_CXX_LIBRARY = "libc++";
				CLANG_ENABLE_MODULES = YES;
				CLANG_ENABLE_OBJC_ARC = YES;
				CLANG_ENABLE_OBJC_WEAK = YES;
				CLANG_WARN_BLOCK_CAPTURE_AUTORELEASING = YES;
				CLANG_WARN_BOOL_CONVERSION = YES;
				CLANG_WARN_COMMA = YES;
				CLANG_WARN_CONSTANT_CONVERSION = YES;
				CLANG_WARN_DEPRECATED_OBJC_IMPLEMENTATIONS = YES;
				CLANG_WARN_DIRECT_OBJC_ISA_USAGE = YES_ERROR;
				CLANG_WARN_DOCUMENTATION_COMMENTS = YES;
				CLANG_WARN_EMPTY_BODY = YES;
				CLANG_WARN_ENUM_CONVERSION = YES;
				CLANG_WARN_INFINITE_RECURSION = YES;
				CLANG_WARN_INT_CONVERSION = YES;
				CLANG_WARN_NON_LITERAL_NULL_CONVERSION = YES;
				CLANG_WARN_OBJC_IMPLICIT_RETAIN_SELF = YES;
				CLANG_WARN_OBJC_LITERAL_CONVERSION = YES;
				CLANG_WARN_OBJC_ROOT_CLASS = YES_ERROR;
				CLANG_WARN_QUOTED_INCLUDE_IN_FRAMEWORK_HEADER = YES;
				CLANG_WARN_RANGE_LOOP_ANALYSIS = YES;
				CLANG_WARN_STRICT_PROTOTYPES = YES;
				CLANG_WARN_SUSPICIOUS_MOVE = YES;
				CLANG_WARN_UNGUARDED_AVAILABILITY = YES_AGGRESSIVE;
				CLANG_WARN_UNREACHABLE_CODE = YES;
				CLANG_WARN__DUPLICATE_METHOD_MATCH = YES;
				COPY_PHASE_STRIP = NO;
				DEBUG_INFORMATION_FORMAT = "dwarf-with-dsym";
				ENABLE_NS_ASSERTIONS = NO;
				ENABLE_STRICT_OBJC_MSGSEND = YES;
				GCC_C_LANGUAGE_STANDARD = gnu11;
				GCC_NO_COMMON_BLOCKS = YES;
				GCC_WARN_64_TO_32_BIT_CONVERSION = YES;
				GCC_WARN_ABOUT_RETURN_TYPE = YES_ERROR;
				GCC_WARN_UNDECLARED_SELECTOR = YES;
				GCC_WARN_UNINITIALIZED_AUTOS = YES_AGGRESSIVE;
				GCC_WARN_UNUSED_FUNCTION = YES;
				GCC_WARN_UNUSED_VARIABLE = YES;
				MTL_ENABLE_DEBUG_INFO = NO;
				MTL_FAST_MATH = YES;
				SWIFT_COMPILATION_MODE = wholemodule;
				SWIFT_OPTIMIZATION_LEVEL = "-O";
			};
			name = Release;
		};
		4CCC223027A3339200D5232E /* Debug */ = {
			isa = XCBuildConfiguration;
			buildSettings = {
				ASSETCATALOG_COMPILER_APPICON_NAME = AppIcon;
				ASSETCATALOG_COMPILER_GLOBAL_ACCENT_COLOR_NAME = AccentColor;
				CODE_SIGN_STYLE = Automatic;
				CURRENT_PROJECT_VERSION = 1;
				DEVELOPMENT_TEAM = Q7QLR2PH2X;
				ENABLE_PREVIEWS = YES;
				GENERATE_INFOPLIST_FILE = YES;
				INFOPLIST_KEY_UIApplicationSceneManifest_Generation = YES;
				INFOPLIST_KEY_UIApplicationSupportsIndirectInputEvents = YES;
				INFOPLIST_KEY_UILaunchScreen_Generation = YES;
				INFOPLIST_KEY_UISupportedInterfaceOrientations_iPad = "UIInterfaceOrientationPortrait UIInterfaceOrientationPortraitUpsideDown UIInterfaceOrientationLandscapeLeft UIInterfaceOrientationLandscapeRight";
				INFOPLIST_KEY_UISupportedInterfaceOrientations_iPhone = "UIInterfaceOrientationPortrait UIInterfaceOrientationLandscapeLeft UIInterfaceOrientationLandscapeRight";
				IPHONEOS_DEPLOYMENT_TARGET = 15.2;
				LD_RUNPATH_SEARCH_PATHS = (
					"$(inherited)",
					"@executable_path/Frameworks",
				);
				MARKETING_VERSION = 1.0;
				PRODUCT_BUNDLE_IDENTIFIER = "br.com.rafaelescaleira.Smart-Client-Fit";
				PRODUCT_NAME = "Smart Client Fit";
				SDKROOT = iphoneos;
				SWIFT_EMIT_LOC_STRINGS = YES;
				SWIFT_VERSION = 5.0;
				TARGETED_DEVICE_FAMILY = "1,2";
			};
			name = Debug;
		};
		4CCC223127A3339200D5232E /* Release */ = {
			isa = XCBuildConfiguration;
			buildSettings = {
				ASSETCATALOG_COMPILER_APPICON_NAME = AppIcon;
				ASSETCATALOG_COMPILER_GLOBAL_ACCENT_COLOR_NAME = AccentColor;
				CODE_SIGN_STYLE = Automatic;
				CURRENT_PROJECT_VERSION = 1;
				DEVELOPMENT_TEAM = Q7QLR2PH2X;
				ENABLE_PREVIEWS = YES;
				GENERATE_INFOPLIST_FILE = YES;
				INFOPLIST_KEY_UIApplicationSceneManifest_Generation = YES;
				INFOPLIST_KEY_UIApplicationSupportsIndirectInputEvents = YES;
				INFOPLIST_KEY_UILaunchScreen_Generation = YES;
				INFOPLIST_KEY_UISupportedInterfaceOrientations_iPad = "UIInterfaceOrientationPortrait UIInterfaceOrientationPortraitUpsideDown UIInterfaceOrientationLandscapeLeft UIInterfaceOrientationLandscapeRight";
				INFOPLIST_KEY_UISupportedInterfaceOrientations_iPhone = "UIInterfaceOrientationPortrait UIInterfaceOrientationLandscapeLeft UIInterfaceOrientationLandscapeRight";
				IPHONEOS_DEPLOYMENT_TARGET = 15.2;
				LD_RUNPATH_SEARCH_PATHS = (
					"$(inherited)",
					"@executable_path/Frameworks",
				);
				MARKETING_VERSION = 1.0;
				PRODUCT_BUNDLE_IDENTIFIER = "br.com.rafaelescaleira.Smart-Client-Fit";
				PRODUCT_NAME = "Smart Client Fit";
				SDKROOT = iphoneos;
				SWIFT_EMIT_LOC_STRINGS = YES;
				SWIFT_VERSION = 5.0;
				TARGETED_DEVICE_FAMILY = "1,2";
				VALIDATE_PRODUCT = YES;
			};
			name = Release;
		};
		4CCC223327A3339200D5232E /* Debug */ = {
			isa = XCBuildConfiguration;
			buildSettings = {
				ASSETCATALOG_COMPILER_APPICON_NAME = AppIcon;
				ASSETCATALOG_COMPILER_GLOBAL_ACCENT_COLOR_NAME = AccentColor;
				CODE_SIGN_ENTITLEMENTS = macOS/macOS.entitlements;
				CODE_SIGN_STYLE = Automatic;
				COMBINE_HIDPI_IMAGES = YES;
				CURRENT_PROJECT_VERSION = 1;
				DEVELOPMENT_TEAM = Q7QLR2PH2X;
				ENABLE_HARDENED_RUNTIME = YES;
				ENABLE_PREVIEWS = YES;
				GENERATE_INFOPLIST_FILE = YES;
				INFOPLIST_KEY_NSHumanReadableCopyright = "";
				LD_RUNPATH_SEARCH_PATHS = (
					"$(inherited)",
					"@executable_path/../Frameworks",
				);
				MACOSX_DEPLOYMENT_TARGET = 11.6;
				MARKETING_VERSION = 1.0;
				PRODUCT_BUNDLE_IDENTIFIER = "br.com.rafaelescaleira.Smart-Client-Fit";
				PRODUCT_NAME = "Smart Client Fit";
				SDKROOT = macosx;
				SWIFT_EMIT_LOC_STRINGS = YES;
				SWIFT_VERSION = 5.0;
			};
			name = Debug;
		};
		4CCC223427A3339200D5232E /* Release */ = {
			isa = XCBuildConfiguration;
			buildSettings = {
				ASSETCATALOG_COMPILER_APPICON_NAME = AppIcon;
				ASSETCATALOG_COMPILER_GLOBAL_ACCENT_COLOR_NAME = AccentColor;
				CODE_SIGN_ENTITLEMENTS = macOS/macOS.entitlements;
				CODE_SIGN_STYLE = Automatic;
				COMBINE_HIDPI_IMAGES = YES;
				CURRENT_PROJECT_VERSION = 1;
				DEVELOPMENT_TEAM = Q7QLR2PH2X;
				ENABLE_HARDENED_RUNTIME = YES;
				ENABLE_PREVIEWS = YES;
				GENERATE_INFOPLIST_FILE = YES;
				INFOPLIST_KEY_NSHumanReadableCopyright = "";
				LD_RUNPATH_SEARCH_PATHS = (
					"$(inherited)",
					"@executable_path/../Frameworks",
				);
				MACOSX_DEPLOYMENT_TARGET = 11.6;
				MARKETING_VERSION = 1.0;
				PRODUCT_BUNDLE_IDENTIFIER = "br.com.rafaelescaleira.Smart-Client-Fit";
				PRODUCT_NAME = "Smart Client Fit";
				SDKROOT = macosx;
				SWIFT_EMIT_LOC_STRINGS = YES;
				SWIFT_VERSION = 5.0;
			};
			name = Release;
		};
		4CCC223627A3339200D5232E /* Debug */ = {
			isa = XCBuildConfiguration;
			buildSettings = {
				ALWAYS_EMBED_SWIFT_STANDARD_LIBRARIES = YES;
				CODE_SIGN_STYLE = Automatic;
				CURRENT_PROJECT_VERSION = 1;
				DEVELOPMENT_TEAM = Q7QLR2PH2X;
				GENERATE_INFOPLIST_FILE = YES;
				IPHONEOS_DEPLOYMENT_TARGET = 15.2;
				MARKETING_VERSION = 1.0;
				PRODUCT_BUNDLE_IDENTIFIER = "br.com.rafaelescaleira.Tests-iOS";
				PRODUCT_NAME = "$(TARGET_NAME)";
				SDKROOT = iphoneos;
				SWIFT_EMIT_LOC_STRINGS = NO;
				SWIFT_VERSION = 5.0;
				TARGETED_DEVICE_FAMILY = "1,2";
				TEST_TARGET_NAME = "Smart Client Fit (iOS)";
			};
			name = Debug;
		};
		4CCC223727A3339200D5232E /* Release */ = {
			isa = XCBuildConfiguration;
			buildSettings = {
				ALWAYS_EMBED_SWIFT_STANDARD_LIBRARIES = YES;
				CODE_SIGN_STYLE = Automatic;
				CURRENT_PROJECT_VERSION = 1;
				DEVELOPMENT_TEAM = Q7QLR2PH2X;
				GENERATE_INFOPLIST_FILE = YES;
				IPHONEOS_DEPLOYMENT_TARGET = 15.2;
				MARKETING_VERSION = 1.0;
				PRODUCT_BUNDLE_IDENTIFIER = "br.com.rafaelescaleira.Tests-iOS";
				PRODUCT_NAME = "$(TARGET_NAME)";
				SDKROOT = iphoneos;
				SWIFT_EMIT_LOC_STRINGS = NO;
				SWIFT_VERSION = 5.0;
				TARGETED_DEVICE_FAMILY = "1,2";
				TEST_TARGET_NAME = "Smart Client Fit (iOS)";
				VALIDATE_PRODUCT = YES;
			};
			name = Release;
		};
		4CCC223927A3339200D5232E /* Debug */ = {
			isa = XCBuildConfiguration;
			buildSettings = {
				ALWAYS_EMBED_SWIFT_STANDARD_LIBRARIES = YES;
				CODE_SIGN_STYLE = Automatic;
				CURRENT_PROJECT_VERSION = 1;
				DEVELOPMENT_TEAM = Q7QLR2PH2X;
				GENERATE_INFOPLIST_FILE = YES;
				MACOSX_DEPLOYMENT_TARGET = 11.6;
				MARKETING_VERSION = 1.0;
				PRODUCT_BUNDLE_IDENTIFIER = "br.com.rafaelescaleira.Tests-macOS";
				PRODUCT_NAME = "$(TARGET_NAME)";
				SDKROOT = macosx;
				SWIFT_EMIT_LOC_STRINGS = NO;
				SWIFT_VERSION = 5.0;
				TEST_TARGET_NAME = "Smart Client Fit (macOS)";
			};
			name = Debug;
		};
		4CCC223A27A3339200D5232E /* Release */ = {
			isa = XCBuildConfiguration;
			buildSettings = {
				ALWAYS_EMBED_SWIFT_STANDARD_LIBRARIES = YES;
				CODE_SIGN_STYLE = Automatic;
				CURRENT_PROJECT_VERSION = 1;
				DEVELOPMENT_TEAM = Q7QLR2PH2X;
				GENERATE_INFOPLIST_FILE = YES;
				MACOSX_DEPLOYMENT_TARGET = 11.6;
				MARKETING_VERSION = 1.0;
				PRODUCT_BUNDLE_IDENTIFIER = "br.com.rafaelescaleira.Tests-macOS";
				PRODUCT_NAME = "$(TARGET_NAME)";
				SDKROOT = macosx;
				SWIFT_EMIT_LOC_STRINGS = NO;
				SWIFT_VERSION = 5.0;
				TEST_TARGET_NAME = "Smart Client Fit (macOS)";
			};
			name = Release;
		};
/* End XCBuildConfiguration section */

/* Begin XCConfigurationList section */
		4CCC21F627A3337F00D5232E /* Build configuration list for PBXProject "Smart Client Fit" */ = {
			isa = XCConfigurationList;
			buildConfigurations = (
				4CCC222D27A3339200D5232E /* Debug */,
				4CCC222E27A3339200D5232E /* Release */,
			);
			defaultConfigurationIsVisible = 0;
			defaultConfigurationName = Release;
		};
		4CCC222F27A3339200D5232E /* Build configuration list for PBXNativeTarget "Smart Client Fit (iOS)" */ = {
			isa = XCConfigurationList;
			buildConfigurations = (
				4CCC223027A3339200D5232E /* Debug */,
				4CCC223127A3339200D5232E /* Release */,
			);
			defaultConfigurationIsVisible = 0;
			defaultConfigurationName = Release;
		};
		4CCC223227A3339200D5232E /* Build configuration list for PBXNativeTarget "Smart Client Fit (macOS)" */ = {
			isa = XCConfigurationList;
			buildConfigurations = (
				4CCC223327A3339200D5232E /* Debug */,
				4CCC223427A3339200D5232E /* Release */,
			);
			defaultConfigurationIsVisible = 0;
			defaultConfigurationName = Release;
		};
		4CCC223527A3339200D5232E /* Build configuration list for PBXNativeTarget "Tests iOS" */ = {
			isa = XCConfigurationList;
			buildConfigurations = (
				4CCC223627A3339200D5232E /* Debug */,
				4CCC223727A3339200D5232E /* Release */,
			);
			defaultConfigurationIsVisible = 0;
			defaultConfigurationName = Release;
		};
		4CCC223827A3339200D5232E /* Build configuration list for PBXNativeTarget "Tests macOS" */ = {
			isa = XCConfigurationList;
			buildConfigurations = (
				4CCC223927A3339200D5232E /* Debug */,
				4CCC223A27A3339200D5232E /* Release */,
			);
			defaultConfigurationIsVisible = 0;
			defaultConfigurationName = Release;
		};
/* End XCConfigurationList section */

/* Begin XCVersionGroup section */
		4CCC21F827A3337F00D5232E /* Smart_Client_Fit.xcdatamodeld */ = {
			isa = XCVersionGroup;
			children = (
				4CCC21F927A3337F00D5232E /* Shared.xcdatamodel */,
			);
			currentVersion = 4CCC21F927A3337F00D5232E /* Shared.xcdatamodel */;
			path = Smart_Client_Fit.xcdatamodeld;
			sourceTree = "<group>";
			versionGroupType = wrapper.xcdatamodel;
		};
/* End XCVersionGroup section */
	};
	rootObject = 4CCC21F327A3337F00D5232E /* Project object */;
}
